
Microsoft Visual Studio Solution File, Format Version 12.00
# Visual Studio 15
Project("{FAE04EC0-301F-11D3-BF4B-00C04F79EFBC}") = "Find_The_Path", "Assembly-CSharp.csproj", "{920B997E-8965-52AF-7402-2084D781E41F}"
EndProject
Global
	GlobalSection(SolutionConfigurationPlatforms) = preSolution
		Debug|Any CPU = Debug|Any CPU
		Release|Any CPU = Release|Any CPU
	EndGlobalSection
	GlobalSection(ProjectConfigurationPlatforms) = postSolution
		{920B997E-8965-52AF-7402-2084D781E41F}.Debug|Any CPU.ActiveCfg = Debug|Any CPU
		{920B997E-8965-52AF-7402-2084D781E41F}.Debug|Any CPU.Build.0 = Debug|Any CPU
		{920B997E-8965-52AF-7402-2084D781E41F}.Release|Any CPU.ActiveCfg = Release|Any CPU
		{920B997E-8965-52AF-7402-2084D781E41F}.Release|Any CPU.Build.0 = Release|Any CPU
	EndGlobalSection
	GlobalSection(SolutionProperties) = preSolution
		HideSolutionNode = FALSE
	EndGlobalSection
EndGlobal
